
Microsoft Visual Studio Solution File, Format Version 12.00
# Visual Studio 2012
# SharpDevelop 5.2
VisualStudioVersion = 12.0.20827.3
MinimumVisualStudioVersion = 10.0.40219.1
Project("{FAE04EC0-301F-11D3-BF4B-00C04F79EFBC}") = "Programa01OlaMundo", "Programa01OlaMundo\Programa01OlaMundo.csproj", "{44994063-4032-4692-806B-82E07F055F93}"
EndProject
Global
	GlobalSection(SolutionConfigurationPlatforms) = preSolution
		Debug|Any CPU = Debug|Any CPU
		Release|Any CPU = Release|Any CPU
	EndGlobalSection
	GlobalSection(ProjectConfigurationPlatforms) = postSolution
		{44994063-4032-4692-806B-82E07F055F93}.Debug|Any CPU.ActiveCfg = Debug|Any CPU
		{44994063-4032-4692-806B-82E07F055F93}.Debug|Any CPU.Build.0 = Debug|Any CPU
		{44994063-4032-4692-806B-82E07F055F93}.Release|Any CPU.ActiveCfg = Release|Any CPU
		{44994063-4032-4692-806B-82E07F055F93}.Release|Any CPU.Build.0 = Release|Any CPU
	EndGlobalSection
EndGlobal
