
Microsoft Visual Studio Solution File, Format Version 12.00
# Visual Studio 2012
# SharpDevelop 5.2
VisualStudioVersion = 12.0.20827.3
MinimumVisualStudioVersion = 10.0.40219.1
Project("{FAE04EC0-301F-11D3-BF4B-00C04F79EFBC}") = "Programa10RepetirCadastro", "Programa10RepetirCadastro\Programa10RepetirCadastro.csproj", "{089F6EF6-B557-4314-85B8-C3B008CB232E}"
EndProject
Global
	GlobalSection(SolutionConfigurationPlatforms) = preSolution
		Debug|Any CPU = Debug|Any CPU
		Release|Any CPU = Release|Any CPU
	EndGlobalSection
	GlobalSection(ProjectConfigurationPlatforms) = postSolution
		{089F6EF6-B557-4314-85B8-C3B008CB232E}.Debug|Any CPU.ActiveCfg = Debug|Any CPU
		{089F6EF6-B557-4314-85B8-C3B008CB232E}.Debug|Any CPU.Build.0 = Debug|Any CPU
		{089F6EF6-B557-4314-85B8-C3B008CB232E}.Release|Any CPU.ActiveCfg = Release|Any CPU
		{089F6EF6-B557-4314-85B8-C3B008CB232E}.Release|Any CPU.Build.0 = Release|Any CPU
	EndGlobalSection
EndGlobal
